// !$*UTF8*$!
{
	archiveVersion = 1;
	classes = {
	};
	objectVersion = 55;
	objects = {

/* Begin PBXBuildFile section */
		BFB4FCB82789922A00751FBB /* BinanceClient.swift in Sources */ = {isa = PBXBuildFile; fileRef = BFB4FCB72789922A00751FBB /* BinanceClient.swift */; };
		BFB4FCCB2789928D00751FBB /* BinanceError.swift in Sources */ = {isa = PBXBuildFile; fileRef = BFB4FCBF2789928D00751FBB /* BinanceError.swift */; };
		BFB4FCCC2789928D00751FBB /* DateExtensions.swift in Sources */ = {isa = PBXBuildFile; fileRef = BFB4FCC02789928D00751FBB /* DateExtensions.swift */; };
		BFB4FCCD2789928D00751FBB /* PriceConverter.swift in Sources */ = {isa = PBXBuildFile; fileRef = BFB4FCC12789928D00751FBB /* PriceConverter.swift */; };
		BFB4FCCE2789928D00751FBB /* Endpoint.swift in Sources */ = {isa = PBXBuildFile; fileRef = BFB4FCC22789928D00751FBB /* Endpoint.swift */; };
		BFB4FCCF2789928D00751FBB /* BinancePairsEndpoint.swift in Sources */ = {isa = PBXBuildFile; fileRef = BFB4FCC32789928D00751FBB /* BinancePairsEndpoint.swift */; };
		BFB4FCD02789928D00751FBB /* EndpointProtocol.swift in Sources */ = {isa = PBXBuildFile; fileRef = BFB4FCC42789928D00751FBB /* EndpointProtocol.swift */; };
		BFB4FCD12789928D00751FBB /* BinanceAllCoinsEndpoint.swift in Sources */ = {isa = PBXBuildFile; fileRef = BFB4FCC52789928D00751FBB /* BinanceAllCoinsEndpoint.swift */; };
		BFB4FCD22789928D00751FBB /* BinancePriceTickersEndpoint.swift in Sources */ = {isa = PBXBuildFile; fileRef = BFB4FCC62789928D00751FBB /* BinancePriceTickersEndpoint.swift */; };
		BFB4FCD32789928D00751FBB /* BinancePermissionEndpoint.swift in Sources */ = {isa = PBXBuildFile; fileRef = BFB4FCC72789928D00751FBB /* BinancePermissionEndpoint.swift */; };
		BFB4FCD42789928D00751FBB /* API.swift in Sources */ = {isa = PBXBuildFile; fileRef = BFB4FCC82789928D00751FBB /* API.swift */; };
		BFB4FCD52789928D00751FBB /* BinanceProductsEndpoint.swift in Sources */ = {isa = PBXBuildFile; fileRef = BFB4FCC92789928D00751FBB /* BinanceProductsEndpoint.swift */; };
		BFB4FCD62789928D00751FBB /* Request.swift in Sources */ = {isa = PBXBuildFile; fileRef = BFB4FCCA2789928D00751FBB /* Request.swift */; };
/* End PBXBuildFile section */

/* Begin PBXCopyFilesBuildPhase section */
		BFB4FCB22789922A00751FBB /* CopyFiles */ = {
			isa = PBXCopyFilesBuildPhase;
			buildActionMask = 2147483647;
			dstPath = "include/$(PRODUCT_NAME)";
			dstSubfolderSpec = 16;
			files = (
			);
			runOnlyForDeploymentPostprocessing = 0;
		};
/* End PBXCopyFilesBuildPhase section */

/* Begin PBXFileReference section */
		BFB4FCB42789922A00751FBB /* libBinanceClient.a */ = {isa = PBXFileReference; explicitFileType = archive.ar; includeInIndex = 0; path = libBinanceClient.a; sourceTree = BUILT_PRODUCTS_DIR; };
		BFB4FCB72789922A00751FBB /* BinanceClient.swift */ = {isa = PBXFileReference; lastKnownFileType = sourcecode.swift; path = BinanceClient.swift; sourceTree = "<group>"; };
		BFB4FCBF2789928D00751FBB /* BinanceError.swift */ = {isa = PBXFileReference; fileEncoding = 4; lastKnownFileType = sourcecode.swift; path = BinanceError.swift; sourceTree = "<group>"; };
		BFB4FCC02789928D00751FBB /* DateExtensions.swift */ = {isa = PBXFileReference; fileEncoding = 4; lastKnownFileType = sourcecode.swift; path = DateExtensions.swift; sourceTree = "<group>"; };
		BFB4FCC12789928D00751FBB /* PriceConverter.swift */ = {isa = PBXFileReference; fileEncoding = 4; lastKnownFileType = sourcecode.swift; path = PriceConverter.swift; sourceTree = "<group>"; };
		BFB4FCC22789928D00751FBB /* Endpoint.swift */ = {isa = PBXFileReference; fileEncoding = 4; lastKnownFileType = sourcecode.swift; path = Endpoint.swift; sourceTree = "<group>"; };
		BFB4FCC32789928D00751FBB /* BinancePairsEndpoint.swift */ = {isa = PBXFileReference; fileEncoding = 4; lastKnownFileType = sourcecode.swift; path = BinancePairsEndpoint.swift; sourceTree = "<group>"; };
		BFB4FCC42789928D00751FBB /* EndpointProtocol.swift */ = {isa = PBXFileReference; fileEncoding = 4; lastKnownFileType = sourcecode.swift; path = EndpointProtocol.swift; sourceTree = "<group>"; };
		BFB4FCC52789928D00751FBB /* BinanceAllCoinsEndpoint.swift */ = {isa = PBXFileReference; fileEncoding = 4; lastKnownFileType = sourcecode.swift; path = BinanceAllCoinsEndpoint.swift; sourceTree = "<group>"; };
		BFB4FCC62789928D00751FBB /* BinancePriceTickersEndpoint.swift */ = {isa = PBXFileReference; fileEncoding = 4; lastKnownFileType = sourcecode.swift; path = BinancePriceTickersEndpoint.swift; sourceTree = "<group>"; };
		BFB4FCC72789928D00751FBB /* BinancePermissionEndpoint.swift */ = {isa = PBXFileReference; fileEncoding = 4; lastKnownFileType = sourcecode.swift; path = BinancePermissionEndpoint.swift; sourceTree = "<group>"; };
		BFB4FCC82789928D00751FBB /* API.swift */ = {isa = PBXFileReference; fileEncoding = 4; lastKnownFileType = sourcecode.swift; path = API.swift; sourceTree = "<group>"; };
		BFB4FCC92789928D00751FBB /* BinanceProductsEndpoint.swift */ = {isa = PBXFileReference; fileEncoding = 4; lastKnownFileType = sourcecode.swift; path = BinanceProductsEndpoint.swift; sourceTree = "<group>"; };
		BFB4FCCA2789928D00751FBB /* Request.swift */ = {isa = PBXFileReference; fileEncoding = 4; lastKnownFileType = sourcecode.swift; path = Request.swift; sourceTree = "<group>"; };
/* End PBXFileReference section */

/* Begin PBXFrameworksBuildPhase section */
		BFB4FCB12789922A00751FBB /* Frameworks */ = {
			isa = PBXFrameworksBuildPhase;
			buildActionMask = 2147483647;
			files = (
			);
			runOnlyForDeploymentPostprocessing = 0;
		};
/* End PBXFrameworksBuildPhase section */

/* Begin PBXGroup section */
		BFB4FCAB2789922A00751FBB = {
			isa = PBXGroup;
			children = (
				BFB4FCB62789922A00751FBB /* BinanceClient */,
				BFB4FCB52789922A00751FBB /* Products */,
			);
			sourceTree = "<group>";
		};
		BFB4FCB52789922A00751FBB /* Products */ = {
			isa = PBXGroup;
			children = (
				BFB4FCB42789922A00751FBB /* libBinanceClient.a */,
			);
			name = Products;
			sourceTree = "<group>";
		};
		BFB4FCB62789922A00751FBB /* BinanceClient */ = {
			isa = PBXGroup;
			children = (
				BFB4FCBE2789927E00751FBB /* Sources */,
			);
			path = BinanceClient;
			sourceTree = "<group>";
		};
		BFB4FCBE2789927E00751FBB /* Sources */ = {
			isa = PBXGroup;
			children = (
				BFB4FCC82789928D00751FBB /* API.swift */,
				BFB4FCC52789928D00751FBB /* BinanceAllCoinsEndpoint.swift */,
				BFB4FCBF2789928D00751FBB /* BinanceError.swift */,
				BFB4FCC32789928D00751FBB /* BinancePairsEndpoint.swift */,
				BFB4FCC72789928D00751FBB /* BinancePermissionEndpoint.swift */,
				BFB4FCC62789928D00751FBB /* BinancePriceTickersEndpoint.swift */,
				BFB4FCC92789928D00751FBB /* BinanceProductsEndpoint.swift */,
				BFB4FCC02789928D00751FBB /* DateExtensions.swift */,
				BFB4FCC22789928D00751FBB /* Endpoint.swift */,
				BFB4FCC42789928D00751FBB /* EndpointProtocol.swift */,
				BFB4FCC12789928D00751FBB /* PriceConverter.swift */,
				BFB4FCCA2789928D00751FBB /* Request.swift */,
				BFB4FCB72789922A00751FBB /* BinanceClient.swift */,
			);
			path = Sources;
			sourceTree = "<group>";
		};
/* End PBXGroup section */

/* Begin PBXNativeTarget section */
		BFB4FCB32789922A00751FBB /* BinanceClient */ = {
			isa = PBXNativeTarget;
			buildConfigurationList = BFB4FCBB2789922A00751FBB /* Build configuration list for PBXNativeTarget "BinanceClient" */;
			buildPhases = (
				BFB4FCB02789922A00751FBB /* Sources */,
				BFB4FCB12789922A00751FBB /* Frameworks */,
				BFB4FCB22789922A00751FBB /* CopyFiles */,
			);
			buildRules = (
			);
			dependencies = (
			);
			name = BinanceClient;
			productName = BinanceClient;
			productReference = BFB4FCB42789922A00751FBB /* libBinanceClient.a */;
			productType = "com.apple.product-type.library.static";
		};
/* End PBXNativeTarget section */

/* Begin PBXProject section */
		BFB4FCAC2789922A00751FBB /* Project object */ = {
			isa = PBXProject;
			attributes = {
				BuildIndependentTargetsInParallel = 1;
				LastSwiftUpdateCheck = 1320;
				LastUpgradeCheck = 1320;
				TargetAttributes = {
					BFB4FCB32789922A00751FBB = {
						CreatedOnToolsVersion = 13.2.1;
					};
				};
			};
			buildConfigurationList = BFB4FCAF2789922A00751FBB /* Build configuration list for PBXProject "BinanceClient" */;
			compatibilityVersion = "Xcode 13.0";
			developmentRegion = en;
			hasScannedForEncodings = 0;
			knownRegions = (
				en,
				Base,
			);
			mainGroup = BFB4FCAB2789922A00751FBB;
			productRefGroup = BFB4FCB52789922A00751FBB /* Products */;
			projectDirPath = "";
			projectRoot = "";
			targets = (
				BFB4FCB32789922A00751FBB /* BinanceClient */,
			);
		};
/* End PBXProject section */

/* Begin PBXSourcesBuildPhase section */
		BFB4FCB02789922A00751FBB /* Sources */ = {
			isa = PBXSourcesBuildPhase;
			buildActionMask = 2147483647;
			files = (
				BFB4FCD42789928D00751FBB /* API.swift in Sources */,
				BFB4FCD62789928D00751FBB /* Request.swift in Sources */,
				BFB4FCD32789928D00751FBB /* BinancePermissionEndpoint.swift in Sources */,
				BFB4FCB82789922A00751FBB /* BinanceClient.swift in Sources */,
				BFB4FCCF2789928D00751FBB /* BinancePairsEndpoint.swift in Sources */,
				BFB4FCCB2789928D00751FBB /* BinanceError.swift in Sources */,
				BFB4FCCD2789928D00751FBB /* PriceConverter.swift in Sources */,
				BFB4FCCC2789928D00751FBB /* DateExtensions.swift in Sources */,
				BFB4FCCE2789928D00751FBB /* Endpoint.swift in Sources */,
				BFB4FCD22789928D00751FBB /* BinancePriceTickersEndpoint.swift in Sources */,
				BFB4FCD52789928D00751FBB /* BinanceProductsEndpoint.swift in Sources */,
				BFB4FCD12789928D00751FBB /* BinanceAllCoinsEndpoint.swift in Sources */,
				BFB4FCD02789928D00751FBB /* EndpointProtocol.swift in Sources */,
			);
			runOnlyForDeploymentPostprocessing = 0;
		};
/* End PBXSourcesBuildPhase section */

/* Begin XCBuildConfiguration section */
		BFB4FCB92789922A00751FBB /* Debug */ = {
			isa = XCBuildConfiguration;
			buildSettings = {
				ALWAYS_SEARCH_USER_PATHS = NO;
				CLANG_ANALYZER_NONNULL = YES;
				CLANG_ANALYZER_NUMBER_OBJECT_CONVERSION = YES_AGGRESSIVE;
				CLANG_CXX_LANGUAGE_STANDARD = "gnu++17";
				CLANG_CXX_LIBRARY = "libc++";
				CLANG_ENABLE_MODULES = YES;
				CLANG_ENABLE_OBJC_ARC = YES;
				CLANG_ENABLE_OBJC_WEAK = YES;
				CLANG_WARN_BLOCK_CAPTURE_AUTORELEASING = YES;
				CLANG_WARN_BOOL_CONVERSION = YES;
				CLANG_WARN_COMMA = YES;
				CLANG_WARN_CONSTANT_CONVERSION = YES;
				CLANG_WARN_DEPRECATED_OBJC_IMPLEMENTATIONS = YES;
				CLANG_WARN_DIRECT_OBJC_ISA_USAGE = YES_ERROR;
				CLANG_WARN_DOCUMENTATION_COMMENTS = YES;
				CLANG_WARN_EMPTY_BODY = YES;
				CLANG_WARN_ENUM_CONVERSION = YES;
				CLANG_WARN_INFINITE_RECURSION = YES;
				CLANG_WARN_INT_CONVERSION = YES;
				CLANG_WARN_NON_LITERAL_NULL_CONVERSION = YES;
				CLANG_WARN_OBJC_IMPLICIT_RETAIN_SELF = YES;
				CLANG_WARN_OBJC_LITERAL_CONVERSION = YES;
				CLANG_WARN_OBJC_ROOT_CLASS = YES_ERROR;
				CLANG_WARN_QUOTED_INCLUDE_IN_FRAMEWORK_HEADER = YES;
				CLANG_WARN_RANGE_LOOP_ANALYSIS = YES;
				CLANG_WARN_STRICT_PROTOTYPES = YES;
				CLANG_WARN_SUSPICIOUS_MOVE = YES;
				CLANG_WARN_UNGUARDED_AVAILABILITY = YES_AGGRESSIVE;
				CLANG_WARN_UNREACHABLE_CODE = YES;
				CLANG_WARN__DUPLICATE_METHOD_MATCH = YES;
				COPY_PHASE_STRIP = NO;
				DEBUG_INFORMATION_FORMAT = dwarf;
				ENABLE_STRICT_OBJC_MSGSEND = YES;
				ENABLE_TESTABILITY = YES;
				GCC_C_LANGUAGE_STANDARD = gnu11;
				GCC_DYNAMIC_NO_PIC = NO;
				GCC_NO_COMMON_BLOCKS = YES;
				GCC_OPTIMIZATION_LEVEL = 0;
				GCC_PREPROCESSOR_DEFINITIONS = (
					"DEBUG=1",
					"$(inherited)",
				);
				GCC_WARN_64_TO_32_BIT_CONVERSION = YES;
				GCC_WARN_ABOUT_RETURN_TYPE = YES_ERROR;
				GCC_WARN_UNDECLARED_SELECTOR = YES;
				GCC_WARN_UNINITIALIZED_AUTOS = YES_AGGRESSIVE;
				GCC_WARN_UNUSED_FUNCTION = YES;
				GCC_WARN_UNUSED_VARIABLE = YES;
				IPHONEOS_DEPLOYMENT_TARGET = 13.0;
				MTL_ENABLE_DEBUG_INFO = INCLUDE_SOURCE;
				MTL_FAST_MATH = YES;
				ONLY_ACTIVE_ARCH = YES;
				SDKROOT = iphoneos;
				SWIFT_ACTIVE_COMPILATION_CONDITIONS = DEBUG;
				SWIFT_OPTIMIZATION_LEVEL = "-Onone";
			};
			name = Debug;
		};
		BFB4FCBA2789922A00751FBB /* Release */ = {
			isa = XCBuildConfiguration;
			buildSettings = {
				ALWAYS_SEARCH_USER_PATHS = NO;
				CLANG_ANALYZER_NONNULL = YES;
				CLANG_ANALYZER_NUMBER_OBJECT_CONVERSION = YES_AGGRESSIVE;
				CLANG_CXX_LANGUAGE_STANDARD = "gnu++17";
				CLANG_CXX_LIBRARY = "libc++";
				CLANG_ENABLE_MODULES = YES;
				CLANG_ENABLE_OBJC_ARC = YES;
				CLANG_ENABLE_OBJC_WEAK = YES;
				CLANG_WARN_BLOCK_CAPTURE_AUTORELEASING = YES;
				CLANG_WARN_BOOL_CONVERSION = YES;
				CLANG_WARN_COMMA = YES;
				CLANG_WARN_CONSTANT_CONVERSION = YES;
				CLANG_WARN_DEPRECATED_OBJC_IMPLEMENTATIONS = YES;
				CLANG_WARN_DIRECT_OBJC_ISA_USAGE = YES_ERROR;
				CLANG_WARN_DOCUMENTATION_COMMENTS = YES;
				CLANG_WARN_EMPTY_BODY = YES;
				CLANG_WARN_ENUM_CONVERSION = YES;
				CLANG_WARN_INFINITE_RECURSION = YES;
				CLANG_WARN_INT_CONVERSION = YES;
				CLANG_WARN_NON_LITERAL_NULL_CONVERSION = YES;
				CLANG_WARN_OBJC_IMPLICIT_RETAIN_SELF = YES;
				CLANG_WARN_OBJC_LITERAL_CONVERSION = YES;
				CLANG_WARN_OBJC_ROOT_CLASS = YES_ERROR;
				CLANG_WARN_QUOTED_INCLUDE_IN_FRAMEWORK_HEADER = YES;
				CLANG_WARN_RANGE_LOOP_ANALYSIS = YES;
				CLANG_WARN_STRICT_PROTOTYPES = YES;
				CLANG_WARN_SUSPICIOUS_MOVE = YES;
				CLANG_WARN_UNGUARDED_AVAILABILITY = YES_AGGRESSIVE;
				CLANG_WARN_UNREACHABLE_CODE = YES;
				CLANG_WARN__DUPLICATE_METHOD_MATCH = YES;
				COPY_PHASE_STRIP = NO;
				DEBUG_INFORMATION_FORMAT = "dwarf-with-dsym";
				ENABLE_NS_ASSERTIONS = NO;
				ENABLE_STRICT_OBJC_MSGSEND = YES;
				GCC_C_LANGUAGE_STANDARD = gnu11;
				GCC_NO_COMMON_BLOCKS = YES;
				GCC_WARN_64_TO_32_BIT_CONVERSION = YES;
				GCC_WARN_ABOUT_RETURN_TYPE = YES_ERROR;
				GCC_WARN_UNDECLARED_SELECTOR = YES;
				GCC_WARN_UNINITIALIZED_AUTOS = YES_AGGRESSIVE;
				GCC_WARN_UNUSED_FUNCTION = YES;
				GCC_WARN_UNUSED_VARIABLE = YES;
				IPHONEOS_DEPLOYMENT_TARGET = 13.0;
				MTL_ENABLE_DEBUG_INFO = NO;
				MTL_FAST_MATH = YES;
				SDKROOT = iphoneos;
				SWIFT_COMPILATION_MODE = wholemodule;
				SWIFT_OPTIMIZATION_LEVEL = "-O";
				VALIDATE_PRODUCT = YES;
			};
			name = Release;
		};
		BFB4FCBC2789922A00751FBB /* Debug */ = {
			isa = XCBuildConfiguration;
			buildSettings = {
				CODE_SIGN_STYLE = Automatic;
				DEVELOPMENT_TEAM = 9KB8RTMTGP;
				OTHER_LDFLAGS = "-ObjC";
				PRODUCT_NAME = "$(TARGET_NAME)";
				SKIP_INSTALL = YES;
				SWIFT_VERSION = 5.0;
				TARGETED_DEVICE_FAMILY = "1,2";
			};
			name = Debug;
		};
		BFB4FCBD2789922A00751FBB /* Release */ = {
			isa = XCBuildConfiguration;
			buildSettings = {
				CODE_SIGN_STYLE = Automatic;
				DEVELOPMENT_TEAM = 9KB8RTMTGP;
				OTHER_LDFLAGS = "-ObjC";
				PRODUCT_NAME = "$(TARGET_NAME)";
				SKIP_INSTALL = YES;
				SWIFT_VERSION = 5.0;
				TARGETED_DEVICE_FAMILY = "1,2";
			};
			name = Release;
		};
/* End XCBuildConfiguration section */

/* Begin XCConfigurationList section */
		BFB4FCAF2789922A00751FBB /* Build configuration list for PBXProject "BinanceClient" */ = {
			isa = XCConfigurationList;
			buildConfigurations = (
				BFB4FCB92789922A00751FBB /* Debug */,
				BFB4FCBA2789922A00751FBB /* Release */,
			);
			defaultConfigurationIsVisible = 0;
			defaultConfigurationName = Release;
		};
		BFB4FCBB2789922A00751FBB /* Build configuration list for PBXNativeTarget "BinanceClient" */ = {
			isa = XCConfigurationList;
			buildConfigurations = (
				BFB4FCBC2789922A00751FBB /* Debug */,
				BFB4FCBD2789922A00751FBB /* Release */,
			);
			defaultConfigurationIsVisible = 0;
			defaultConfigurationName = Release;
		};
/* End XCConfigurationList section */
	};
	rootObject = BFB4FCAC2789922A00751FBB /* Project object */;
}
